
Microsoft Visual Studio Solution File, Format Version 12.00
# Visual Studio 15
VisualStudioVersion = 15.0.28307.136
MinimumVisualStudioVersion = 10.0.40219.1
Project("{FAE04EC0-301F-11D3-BF4B-00C04F79EFBC}") = "VivaldiCustomLauncher", "VivaldiCustomLauncher\VivaldiCustomLauncher.csproj", "{AF74BCDA-D58B-452E-9723-F0538B57FE38}"
EndProject
Global
	GlobalSection(SolutionConfigurationPlatforms) = preSolution
		Debug|Any CPU = Debug|Any CPU
		Release|Any CPU = Release|Any CPU
	EndGlobalSection
	GlobalSection(ProjectConfigurationPlatforms) = postSolution
		{AF74BCDA-D58B-452E-9723-F0538B57FE38}.Debug|Any CPU.ActiveCfg = Debug|Any CPU
		{AF74BCDA-D58B-452E-9723-F0538B57FE38}.Debug|Any CPU.Build.0 = Debug|Any CPU
		{AF74BCDA-D58B-452E-9723-F0538B57FE38}.Release|Any CPU.ActiveCfg = Release|Any CPU
		{AF74BCDA-D58B-452E-9723-F0538B57FE38}.Release|Any CPU.Build.0 = Release|Any CPU
	EndGlobalSection
	GlobalSection(SolutionProperties) = preSolution
		HideSolutionNode = FALSE
	EndGlobalSection
	GlobalSection(ExtensibilityGlobals) = postSolution
		SolutionGuid = {AC72E417-8780-4FA1-B144-0D6382421E64}
	EndGlobalSection
EndGlobal
