{
  "version": 1,
  "dependencies": {
    "net8.0": {
      "McMaster.Extensions.CommandLineUtils": {
        "type": "Direct",
        "requested": "[4.1.1, 5.0.0)",
        "resolved": "4.1.1",
        "contentHash": "zxgDY+G5yVq2q8sVB3Z275Qkxed1jC95nwAfnlSyoG4l5Nicvd4+ke1jXusEZEfyuErlAgXCKS937c13FmZWBg==",
        "dependencies": {
          "System.ComponentModel.Annotations": "5.0.0"
        }
      },
      "Unfucked.HTTP": {
        "type": "Direct",
        "requested": "[0.0.1-beta.22, )",
        "resolved": "0.0.1-beta.22",
        "contentHash": "q6/22H0aX1M+plHpMqHd69TMg/p8Ekft+uW5QsPAK+jamiflNQqLLcQrQwZIH34j0CEk16/4jEDhILlCvEPpYA==",
        "dependencies": {
          "System.Text.Json": "8.0.6",
          "Unfucked": "0.0.1-beta.29"
        }
      },
      "System.ComponentModel.Annotations": {
        "type": "Transitive",
        "resolved": "5.0.0",
        "contentHash": "dMkqfy2el8A8/I76n2Hi1oBFEbG1SfxD2l5nhwXV3XjlnOmwxJlQbYpJH4W51odnU9sARCSAgv7S3CyAFMkpYg=="
      },
      "System.Text.Json": {
        "type": "Transitive",
        "resolved": "8.0.6",
        "contentHash": "BvSpVBsVN9b+Y+wONbvJOHd1HjXQf33+XiC28ZMOwRsYb42mz3Q8YHnpTSwpwJLqYCMqM+0UUVC3V+pi25XfkQ=="
      },
      "Unfucked": {
        "type": "Transitive",
        "resolved": "0.0.1-beta.29",
        "contentHash": "BwvicbiYbdSx5FJOorXfng+uidzpoCa49uLNPP6/X8bJHJA8gqbo6FvQruDYrXVX9395jPWPmcha2RjfYI2sGQ=="
      }
    }
  }
}