{
  "version": 1,
  "dependencies": {
    "net8.0": {
      "McMaster.Extensions.CommandLineUtils": {
        "type": "Direct",
        "requested": "[4.1.1, )",
        "resolved": "4.1.1",
        "contentHash": "zxgDY+G5yVq2q8sVB3Z275Qkxed1jC95nwAfnlSyoG4l5Nicvd4+ke1jXusEZEfyuErlAgXCKS937c13FmZWBg==",
        "dependencies": {
          "System.ComponentModel.Annotations": "5.0.0"
        }
      },
      "Unfucked.HTTP": {
        "type": "Direct",
        "requested": "[0.0.1-beta.7, )",
        "resolved": "0.0.1-beta.7",
        "contentHash": "s8AoAB+oaCKgmUeCrKiuLq3mO1vCIUsZ4FQ/Fg/HVFwKAT/MIgf9WRvg/ZncvZKICpZbv1ABqqerfETAkMin0A==",
        "dependencies": {
          "System.Text.Json": "8.0.5",
          "Unfucked": "0.0.1-beta.9"
        }
      },
      "System.ComponentModel.Annotations": {
        "type": "Transitive",
        "resolved": "5.0.0",
        "contentHash": "dMkqfy2el8A8/I76n2Hi1oBFEbG1SfxD2l5nhwXV3XjlnOmwxJlQbYpJH4W51odnU9sARCSAgv7S3CyAFMkpYg=="
      },
      "System.Text.Json": {
        "type": "Transitive",
        "resolved": "8.0.5",
        "contentHash": "0f1B50Ss7rqxXiaBJyzUu9bWFOO2/zSlifZ/UNMdiIpDYe4cY4LQQicP4nirK1OS31I43rn062UIJ1Q9bpmHpg=="
      },
      "Unfucked": {
        "type": "Transitive",
        "resolved": "0.0.1-beta.9",
        "contentHash": "rwjRGKTGiwK5ZASsGFi3iKcJNMvALBlJ0HZzt7We0d8mfL0TgXpfXE+Icg97jvtJdHmH1pc446tb27LULFJKTQ=="
      }
    }
  }
}