{
  "version": 1,
  "dependencies": {
    ".NETFramework,Version=v4.8": {
      "Bom.Squad": {
        "type": "Direct",
        "requested": "[0.3.0, )",
        "resolved": "0.3.0",
        "contentHash": "XzhQ6cpYMDACcRosaHBO8P8SGAJ2GBC/9Hcb0WUUe9UTUCttr3PrIWf7r+bg6sDCu3/gPWPgh8lfHMTXAi/v3A=="
      },
      "ILRepack.Lib.MSBuild.Task": {
        "type": "Direct",
        "requested": "[2.0.46, )",
        "resolved": "2.0.46",
        "contentHash": "g5a/rQndAn0OczzunFutw3nCzQcfq96i7SYRKV11sc0LO+KN0MDbDHo2znLBK5ZC7duaD1RC62OwlhFlnkPQuQ=="
      },
      "McMaster.Extensions.CommandLineUtils": {
        "type": "Direct",
        "requested": "[5.1.0, )",
        "resolved": "5.1.0",
        "contentHash": "YceiKmxdsBrlkAJpmJ2N8XkLyAH01xLsm4VLfjNp5MvtAom2wflZtEBz3CLMQret6Z7jSh3oBO1ULF1Is0tNxA=="
      },
      "Microsoft.Windows.CsWin32": {
        "type": "Direct",
        "requested": "[0.3.333, )",
        "resolved": "0.3.333",
        "contentHash": "UigiQ8BYaIJfon0FZ9rTy9reygbXr4VijncifNe/Az/GSnqd958ptd1/Hp9u9lyYrwI+3/xeIUHgqrLr1o5hQQ==",
        "dependencies": {
          "Microsoft.Windows.SDK.Win32Docs": "0.1.42-alpha",
          "Microsoft.Windows.SDK.Win32Metadata": "71.0.14-preview",
          "Microsoft.Windows.WDK.Win32Metadata": "0.13.25-experimental"
        }
      },
      "SharpCompress": {
        "type": "Direct",
        "requested": "[0.50.4, )",
        "resolved": "0.50.4",
        "contentHash": "/hxjUR7DEX6mky8/LQXyrnrKioOL6D6veAID1EZpro+q4s02x5dHEYBV3qjEN6lDYYilDoQQ76BcmQj+lRx51w==",
        "dependencies": {
          "Microsoft.Bcl.AsyncInterfaces": "8.0.0",
          "System.Text.Encoding.CodePages": "8.0.0"
        }
      },
      "System.Memory": {
        "type": "Direct",
        "requested": "[4.6.3, )",
        "resolved": "4.6.3",
        "contentHash": "qdcDOgnFZY40+Q9876JUHnlHu7bosOHX8XISRoH94fwk6hgaeQGSgfZd8srWRZNt5bV9ZW2TljcegDNxsf+96A==",
        "dependencies": {
          "System.Buffers": "4.6.1",
          "System.Numerics.Vectors": "4.6.1",
          "System.Runtime.CompilerServices.Unsafe": "6.1.2"
        }
      },
      "System.Runtime.CompilerServices.Unsafe": {
        "type": "Direct",
        "requested": "[6.1.2, )",
        "resolved": "6.1.2",
        "contentHash": "2hBr6zdbIBTDE3EhK7NSVNdX58uTK6iHW/P/Axmm9sl1xoGSLqDvMtpecn226TNwHByFokYwJmt/aQQNlO5CRw=="
      },
      "Unfucked": {
        "type": "Direct",
        "requested": "[0.0.1-beta.52, )",
        "resolved": "0.0.1-beta.52",
        "contentHash": "EbURblbo6xTdgZ/eq/KptTRaEUPVUDIKWVz5ik8Z0MwV6r8VrweT8WBL+91oWniHZ/bOZCvO9ay49L9QA6lMig==",
        "dependencies": {
          "Microsoft.Bcl.AsyncInterfaces": "8.0.0",
          "System.Collections.Immutable": "8.0.0"
        }
      },
      "Unfucked.HTTP": {
        "type": "Direct",
        "requested": "[0.0.1-beta.33, )",
        "resolved": "0.0.1-beta.33",
        "contentHash": "EhS1b26NamzYMzq+hy67jvWYXxm1EM2Bw6zojABZG664UWkOPfg1mz8F13Usm7iDhSvaaGxzAIrpa5Vau/PRRg==",
        "dependencies": {
          "System.Text.Json": "8.0.6",
          "Unfucked": "0.0.1-beta.50"
        }
      },
      "Unfucked.Windows": {
        "type": "Direct",
        "requested": "[0.0.1-beta.12, )",
        "resolved": "0.0.1-beta.12",
        "contentHash": "XJPbVyduS4JQiaIyuL3/pOKqF1JAATcehrAZZ1jJLtiBxx+WAqVh25cLsLWQcamepO5XsYBVmYDFPT0UnIwMPw==",
        "dependencies": {
          "ThrottleDebounce": "3.0.0-beta6",
          "Unfucked": "0.0.1-beta.49",
          "mwinapi": "0.3.0.6"
        }
      },
      "VisualElementsManifest.xml": {
        "type": "Direct",
        "requested": "[0.0.0, )",
        "resolved": "0.0.0",
        "contentHash": "iTSpIWrdshXekRIaBAYiynS/WJQFRp11oDzVYES0+5LYBpmhgkqDWTwOzCAHgGiThNTYmoBrNoYLti15VIOkyg=="
      },
      "Microsoft.Bcl.AsyncInterfaces": {
        "type": "Transitive",
        "resolved": "8.0.0",
        "contentHash": "3WA9q9yVqJp222P3x1wYIGDAkpjAku0TMUaaQV22g6L67AI0LdOIrVS7Ht2vJfLHGSPVuqN94vIr15qn+HEkHw==",
        "dependencies": {
          "System.Threading.Tasks.Extensions": "4.5.4"
        }
      },
      "Microsoft.Windows.SDK.Win32Docs": {
        "type": "Transitive",
        "resolved": "0.1.42-alpha",
        "contentHash": "Z/9po23gUA9aoukirh2ItMU2ZS9++Js9Gdds9fu5yuMojDrmArvY2y+tq9985tR3cxFxpZO1O35Wjfo0khj5HA=="
      },
      "Microsoft.Windows.SDK.Win32Metadata": {
        "type": "Transitive",
        "resolved": "71.0.14-preview",
        "contentHash": "39I8YpjHYJF7Qncztn6+cu15Ti35myn5QQnLZwN6AngBsfaU1l3Nsxvt2087AlExLxg5a/llFIRSeahK7GW/Dw=="
      },
      "Microsoft.Windows.WDK.Win32Metadata": {
        "type": "Transitive",
        "resolved": "0.13.25-experimental",
        "contentHash": "IM50tb/+UIwBr9FMr6ZKcZjCMW+Axo6NjGqKxgjUfyCY8dRnYUfrJEXxAaXoWtYP4X8EmASmC1Jtwh4XucseZg==",
        "dependencies": {
          "Microsoft.Windows.SDK.Win32Metadata": "63.0.31-preview"
        }
      },
      "mwinapi": {
        "type": "Transitive",
        "resolved": "0.3.0.6",
        "contentHash": "ifbh/zHTsN+hrT2kBE4he8+Bq9DS/9b8tA0aVIdJCOK3Y4O0hdFtZSiQHpJX1YkH4/JMmF0V5hHQDahS5i9U1g=="
      },
      "System.Buffers": {
        "type": "Transitive",
        "resolved": "4.6.1",
        "contentHash": "N8GXpmiLMtljq7gwvyS+1QvKT/W2J8sNAvx+HVg4NGmsG/H+2k/y9QI23auLJRterrzCiDH+IWAw4V/GPwsMlw=="
      },
      "System.Collections.Immutable": {
        "type": "Transitive",
        "resolved": "8.0.0",
        "contentHash": "AurL6Y5BA1WotzlEvVaIDpqzpIPvYnnldxru8oXJU2yFxFUy3+pNXjXd1ymO+RA0rq0+590Q8gaz2l3Sr7fmqg==",
        "dependencies": {
          "System.Memory": "4.5.5",
          "System.Runtime.CompilerServices.Unsafe": "6.0.0"
        }
      },
      "System.Numerics.Vectors": {
        "type": "Transitive",
        "resolved": "4.6.1",
        "contentHash": "sQxefTnhagrhoq2ReR0D/6K0zJcr9Hrd6kikeXsA1I8kOCboTavcUC4r7TSfpKFeE163uMuxZcyfO1mGO3EN8Q=="
      },
      "System.Text.Encoding.CodePages": {
        "type": "Transitive",
        "resolved": "8.0.0",
        "contentHash": "OZIsVplFGaVY90G2SbpgU7EnCoOO5pw1t4ic21dBF3/1omrJFpAGoNAVpPyMVOC90/hvgkGG3VFqR13YgZMQfg==",
        "dependencies": {
          "System.Memory": "4.5.5",
          "System.Runtime.CompilerServices.Unsafe": "6.0.0"
        }
      },
      "System.Text.Encodings.Web": {
        "type": "Transitive",
        "resolved": "8.0.0",
        "contentHash": "yev/k9GHAEGx2Rg3/tU6MQh4HGBXJs70y7j1LaM1i/ER9po+6nnQ6RRqTJn1E7Xu0fbIFK80Nh5EoODxrbxwBQ==",
        "dependencies": {
          "System.Buffers": "4.5.1",
          "System.Memory": "4.5.5",
          "System.Runtime.CompilerServices.Unsafe": "6.0.0"
        }
      },
      "System.Text.Json": {
        "type": "Transitive",
        "resolved": "8.0.6",
        "contentHash": "BvSpVBsVN9b+Y+wONbvJOHd1HjXQf33+XiC28ZMOwRsYb42mz3Q8YHnpTSwpwJLqYCMqM+0UUVC3V+pi25XfkQ==",
        "dependencies": {
          "Microsoft.Bcl.AsyncInterfaces": "8.0.0",
          "System.Buffers": "4.5.1",
          "System.Memory": "4.5.5",
          "System.Runtime.CompilerServices.Unsafe": "6.0.0",
          "System.Text.Encodings.Web": "8.0.0",
          "System.Threading.Tasks.Extensions": "4.5.4",
          "System.ValueTuple": "4.5.0"
        }
      },
      "System.Threading.Tasks.Extensions": {
        "type": "Transitive",
        "resolved": "4.5.4",
        "contentHash": "zteT+G8xuGu6mS+mzDzYXbzS7rd3K6Fjb9RiZlYlJPam2/hU7JCBZBVEcywNuR+oZ1ncTvc/cq0faRr3P01OVg==",
        "dependencies": {
          "System.Runtime.CompilerServices.Unsafe": "4.5.3"
        }
      },
      "System.ValueTuple": {
        "type": "Transitive",
        "resolved": "4.5.0",
        "contentHash": "okurQJO6NRE/apDIP23ajJ0hpiNmJ+f0BwOlB/cSqTLQlw5upkf+5+96+iG2Jw40G1fCVCyPz/FhIABUjMR+RQ=="
      },
      "ThrottleDebounce": {
        "type": "Transitive",
        "resolved": "3.0.0-beta6",
        "contentHash": "hLr071LwvbfwNvjsnEb5FP7BNnmu4qG6++ZHAdVEaLCv01BQ9m3G1PLKv/C8DPJ9hFcs+3EUNh+c9/Lg459HIw=="
      }
    },
    ".NETFramework,Version=v4.8/win": {},
    ".NETFramework,Version=v4.8/win-arm64": {},
    ".NETFramework,Version=v4.8/win-x64": {},
    ".NETFramework,Version=v4.8/win-x86": {}
  }
}