{
  "version": 1,
  "dependencies": {
    ".NETFramework,Version=v4.8": {
      "Bom.Squad": {
        "type": "Direct",
        "requested": "[0.3.0, )",
        "resolved": "0.3.0",
        "contentHash": "XzhQ6cpYMDACcRosaHBO8P8SGAJ2GBC/9Hcb0WUUe9UTUCttr3PrIWf7r+bg6sDCu3/gPWPgh8lfHMTXAi/v3A=="
      },
      "ILRepack.Lib.MSBuild.Task": {
        "type": "Direct",
        "requested": "[2.0.44.1, )",
        "resolved": "2.0.44.1",
        "contentHash": "3XeHBO90AI5ggjmSeaSCVWuMuVWvNj+67ghtjTlOjhFSwhsFOJ3YU0GB/Zk19DG1grgHcJY195SIxCFVRiWf9Q=="
      },
      "McMaster.Extensions.CommandLineUtils": {
        "type": "Direct",
        "requested": "[4.1.1, 5.0.0)",
        "resolved": "4.1.1",
        "contentHash": "zxgDY+G5yVq2q8sVB3Z275Qkxed1jC95nwAfnlSyoG4l5Nicvd4+ke1jXusEZEfyuErlAgXCKS937c13FmZWBg==",
        "dependencies": {
          "System.Runtime.InteropServices.RuntimeInformation": "4.3.0",
          "System.ValueTuple": "4.5.0"
        }
      },
      "SharpCompress": {
        "type": "Direct",
        "requested": "[0.40.0, )",
        "resolved": "0.40.0",
        "contentHash": "yP/aFX1jqGikVF7u2f05VEaWN4aCaKNLxSas82UgA2GGVECxq/BcqZx3STHCJ78qilo1azEOk1XpBglIuGMb7w==",
        "dependencies": {
          "System.Buffers": "4.6.0",
          "ZstdSharp.Port": "0.8.5"
        }
      },
      "Unfucked": {
        "type": "Direct",
        "requested": "[0.0.1-beta.31, )",
        "resolved": "0.0.1-beta.31",
        "contentHash": "9+AWHhH2Bv6ZE8DY2Mt09tvX8nJfqolrGV/J+5x5zDOHqqX7iudNjiLnC6wguUnv26w5WL6HM+JU2jR7oABazw==",
        "dependencies": {
          "Microsoft.Bcl.AsyncInterfaces": "8.0.0",
          "System.Collections.Immutable": "8.0.0"
        }
      },
      "Unfucked.HTTP": {
        "type": "Direct",
        "requested": "[0.0.1-beta.22, )",
        "resolved": "0.0.1-beta.22",
        "contentHash": "q6/22H0aX1M+plHpMqHd69TMg/p8Ekft+uW5QsPAK+jamiflNQqLLcQrQwZIH34j0CEk16/4jEDhILlCvEPpYA==",
        "dependencies": {
          "System.Text.Json": "8.0.6",
          "Unfucked": "0.0.1-beta.29"
        }
      },
      "VisualElementsManifest.xml": {
        "type": "Direct",
        "requested": "[0.0.0, )",
        "resolved": "0.0.0",
        "contentHash": "iTSpIWrdshXekRIaBAYiynS/WJQFRp11oDzVYES0+5LYBpmhgkqDWTwOzCAHgGiThNTYmoBrNoYLti15VIOkyg=="
      },
      "Microsoft.Bcl.AsyncInterfaces": {
        "type": "Transitive",
        "resolved": "8.0.0",
        "contentHash": "3WA9q9yVqJp222P3x1wYIGDAkpjAku0TMUaaQV22g6L67AI0LdOIrVS7Ht2vJfLHGSPVuqN94vIr15qn+HEkHw==",
        "dependencies": {
          "System.Threading.Tasks.Extensions": "4.5.4"
        }
      },
      "System.Buffers": {
        "type": "Transitive",
        "resolved": "4.6.0",
        "contentHash": "lN6tZi7Q46zFzAbRYXTIvfXcyvQQgxnY7Xm6C6xQ9784dEL1amjM6S6Iw4ZpsvesAKnRVsM4scrDQaDqSClkjA=="
      },
      "System.Collections.Immutable": {
        "type": "Transitive",
        "resolved": "8.0.0",
        "contentHash": "AurL6Y5BA1WotzlEvVaIDpqzpIPvYnnldxru8oXJU2yFxFUy3+pNXjXd1ymO+RA0rq0+590Q8gaz2l3Sr7fmqg==",
        "dependencies": {
          "System.Memory": "4.5.5",
          "System.Runtime.CompilerServices.Unsafe": "6.0.0"
        }
      },
      "System.Memory": {
        "type": "Transitive",
        "resolved": "4.5.5",
        "contentHash": "XIWiDvKPXaTveaB7HVganDlOCRoj03l+jrwNvcge/t8vhGYKvqV+dMv6G4SAX2NoNmN0wZfVPTAlFwZcZvVOUw==",
        "dependencies": {
          "System.Buffers": "4.5.1",
          "System.Numerics.Vectors": "4.5.0",
          "System.Runtime.CompilerServices.Unsafe": "4.5.3"
        }
      },
      "System.Numerics.Vectors": {
        "type": "Transitive",
        "resolved": "4.5.0",
        "contentHash": "QQTlPTl06J/iiDbJCiepZ4H//BVraReU4O4EoRw1U02H5TLUIT7xn3GnDp9AXPSlJUDyFs4uWjWafNX6WrAojQ=="
      },
      "System.Runtime.CompilerServices.Unsafe": {
        "type": "Transitive",
        "resolved": "6.0.0",
        "contentHash": "/iUeP3tq1S0XdNNoMz5C9twLSrM/TH+qElHkXWaPvuNOt+99G75NrV0OS2EqHx5wMN7popYjpc8oTjC1y16DLg=="
      },
      "System.Runtime.InteropServices.RuntimeInformation": {
        "type": "Transitive",
        "resolved": "4.3.0",
        "contentHash": "cbz4YJMqRDR7oLeMRbdYv7mYzc++17lNhScCX0goO2XpGWdvAt60CGN+FHdePUEHCe/Jy9jUlvNAiNdM+7jsOw=="
      },
      "System.Text.Encodings.Web": {
        "type": "Transitive",
        "resolved": "8.0.0",
        "contentHash": "yev/k9GHAEGx2Rg3/tU6MQh4HGBXJs70y7j1LaM1i/ER9po+6nnQ6RRqTJn1E7Xu0fbIFK80Nh5EoODxrbxwBQ==",
        "dependencies": {
          "System.Buffers": "4.5.1",
          "System.Memory": "4.5.5",
          "System.Runtime.CompilerServices.Unsafe": "6.0.0"
        }
      },
      "System.Text.Json": {
        "type": "Transitive",
        "resolved": "8.0.6",
        "contentHash": "BvSpVBsVN9b+Y+wONbvJOHd1HjXQf33+XiC28ZMOwRsYb42mz3Q8YHnpTSwpwJLqYCMqM+0UUVC3V+pi25XfkQ==",
        "dependencies": {
          "Microsoft.Bcl.AsyncInterfaces": "8.0.0",
          "System.Buffers": "4.5.1",
          "System.Memory": "4.5.5",
          "System.Runtime.CompilerServices.Unsafe": "6.0.0",
          "System.Text.Encodings.Web": "8.0.0",
          "System.Threading.Tasks.Extensions": "4.5.4",
          "System.ValueTuple": "4.5.0"
        }
      },
      "System.Threading.Tasks.Extensions": {
        "type": "Transitive",
        "resolved": "4.5.4",
        "contentHash": "zteT+G8xuGu6mS+mzDzYXbzS7rd3K6Fjb9RiZlYlJPam2/hU7JCBZBVEcywNuR+oZ1ncTvc/cq0faRr3P01OVg==",
        "dependencies": {
          "System.Runtime.CompilerServices.Unsafe": "4.5.3"
        }
      },
      "System.ValueTuple": {
        "type": "Transitive",
        "resolved": "4.5.0",
        "contentHash": "okurQJO6NRE/apDIP23ajJ0hpiNmJ+f0BwOlB/cSqTLQlw5upkf+5+96+iG2Jw40G1fCVCyPz/FhIABUjMR+RQ=="
      },
      "ZstdSharp.Port": {
        "type": "Transitive",
        "resolved": "0.8.5",
        "contentHash": "TR4j17WeVSEb3ncgL2NqlXEqcy04I+Kk9CaebNDplUeL8XOgjkZ7fP4Wg4grBdPLIqsV86p2QaXTkZoRMVOsew==",
        "dependencies": {
          "Microsoft.Bcl.AsyncInterfaces": "5.0.0",
          "System.Memory": "4.5.5",
          "System.Runtime.CompilerServices.Unsafe": "6.0.0"
        }
      }
    },
    ".NETFramework,Version=v4.8/win": {
      "System.Runtime.InteropServices.RuntimeInformation": {
        "type": "Transitive",
        "resolved": "4.3.0",
        "contentHash": "cbz4YJMqRDR7oLeMRbdYv7mYzc++17lNhScCX0goO2XpGWdvAt60CGN+FHdePUEHCe/Jy9jUlvNAiNdM+7jsOw=="
      }
    },
    ".NETFramework,Version=v4.8/win-arm64": {
      "System.Runtime.InteropServices.RuntimeInformation": {
        "type": "Transitive",
        "resolved": "4.3.0",
        "contentHash": "cbz4YJMqRDR7oLeMRbdYv7mYzc++17lNhScCX0goO2XpGWdvAt60CGN+FHdePUEHCe/Jy9jUlvNAiNdM+7jsOw=="
      }
    },
    ".NETFramework,Version=v4.8/win-x64": {
      "System.Runtime.InteropServices.RuntimeInformation": {
        "type": "Transitive",
        "resolved": "4.3.0",
        "contentHash": "cbz4YJMqRDR7oLeMRbdYv7mYzc++17lNhScCX0goO2XpGWdvAt60CGN+FHdePUEHCe/Jy9jUlvNAiNdM+7jsOw=="
      }
    },
    ".NETFramework,Version=v4.8/win-x86": {
      "System.Runtime.InteropServices.RuntimeInformation": {
        "type": "Transitive",
        "resolved": "4.3.0",
        "contentHash": "cbz4YJMqRDR7oLeMRbdYv7mYzc++17lNhScCX0goO2XpGWdvAt60CGN+FHdePUEHCe/Jy9jUlvNAiNdM+7jsOw=="
      }
    }
  }
}