{
  "version": 1,
  "dependencies": {
    ".NETFramework,Version=v4.8": {
      "Bom.Squad": {
        "type": "Direct",
        "requested": "[0.3.0, )",
        "resolved": "0.3.0",
        "contentHash": "XzhQ6cpYMDACcRosaHBO8P8SGAJ2GBC/9Hcb0WUUe9UTUCttr3PrIWf7r+bg6sDCu3/gPWPgh8lfHMTXAi/v3A=="
      },
      "ILRepack.Lib.MSBuild.Task": {
        "type": "Direct",
        "requested": "[2.0.40, )",
        "resolved": "2.0.40",
        "contentHash": "sKv16jwPa482GHaOScPy7eHpbJpfHIfaANLMHZHRwimX8HalbcoNRXX3GwhjdSCvMFKgToHgGCAVHz+IT6fTmA=="
      },
      "McMaster.Extensions.CommandLineUtils": {
        "type": "Direct",
        "requested": "[4.1.1, )",
        "resolved": "4.1.1",
        "contentHash": "zxgDY+G5yVq2q8sVB3Z275Qkxed1jC95nwAfnlSyoG4l5Nicvd4+ke1jXusEZEfyuErlAgXCKS937c13FmZWBg==",
        "dependencies": {
          "System.Runtime.InteropServices.RuntimeInformation": "4.3.0",
          "System.ValueTuple": "4.5.0"
        }
      },
      "SharpCompress": {
        "type": "Direct",
        "requested": "[0.39.0, )",
        "resolved": "0.39.0",
        "contentHash": "0esqIUDlg68Z7+Weuge4QzEvNtawUO4obTJFL7xuf4DBHMxVRr+wbNgiX9arMrj3kGXQSvLe0zbZG3oxpkwJOA==",
        "dependencies": {
          "System.Buffers": "4.6.0",
          "ZstdSharp.Port": "0.8.4"
        }
      },
      "Unfucked.HTTP": {
        "type": "Direct",
        "requested": "[0.0.0-beta9, )",
        "resolved": "0.0.0-beta9",
        "contentHash": "Vcmm1TC8o99Szxl5qsXDC8xq+wQDxe1UcIZchX8s7uVeANsxOFuXAULiGvkiDZfxlUlyzicw7cpCYmenNGmB+Q==",
        "dependencies": {
          "System.Net.Http.Json": "8.0.1",
          "Unfucked": "0.0.0-beta8"
        }
      },
      "VisualElementsManifest.xml": {
        "type": "Direct",
        "requested": "[0.0.0, )",
        "resolved": "0.0.0",
        "contentHash": "iTSpIWrdshXekRIaBAYiynS/WJQFRp11oDzVYES0+5LYBpmhgkqDWTwOzCAHgGiThNTYmoBrNoYLti15VIOkyg=="
      },
      "Microsoft.Bcl.AsyncInterfaces": {
        "type": "Transitive",
        "resolved": "9.0.2",
        "contentHash": "1CED0BGD7dCKsbe7tDhzpPB2Qdi9x35QChu6zkBEI4s0T5bDkkttGReqQnOeOfRNSxtP2WvpX6Ik/0O93XDuMw==",
        "dependencies": {
          "System.Threading.Tasks.Extensions": "4.5.4"
        }
      },
      "System.Buffers": {
        "type": "Transitive",
        "resolved": "4.6.0",
        "contentHash": "lN6tZi7Q46zFzAbRYXTIvfXcyvQQgxnY7Xm6C6xQ9784dEL1amjM6S6Iw4ZpsvesAKnRVsM4scrDQaDqSClkjA=="
      },
      "System.Collections.Immutable": {
        "type": "Transitive",
        "resolved": "9.0.2",
        "contentHash": "QKh9+kczG7TQbQZ6tF2S6bK9B8ewHXEkYmMP2iqefzwJEfEkiflheAX6VEaPLJ6Tq9RoKuQ5R3qPYla6wJ6Opg==",
        "dependencies": {
          "System.Memory": "4.5.5",
          "System.Runtime.CompilerServices.Unsafe": "6.0.0"
        }
      },
      "System.Memory": {
        "type": "Transitive",
        "resolved": "4.5.5",
        "contentHash": "XIWiDvKPXaTveaB7HVganDlOCRoj03l+jrwNvcge/t8vhGYKvqV+dMv6G4SAX2NoNmN0wZfVPTAlFwZcZvVOUw==",
        "dependencies": {
          "System.Buffers": "4.5.1",
          "System.Numerics.Vectors": "4.5.0",
          "System.Runtime.CompilerServices.Unsafe": "4.5.3"
        }
      },
      "System.Net.Http.Json": {
        "type": "Transitive",
        "resolved": "8.0.1",
        "contentHash": "F423ZLoJFYg1s6iA+Y7BLflVKjEK5XEA2+Z9CHbxJEUtS3+R5pgnFN499QzriRjYpOu6kS2Crd2YBkOFDHrblg==",
        "dependencies": {
          "System.Buffers": "4.5.1",
          "System.Memory": "4.5.5",
          "System.Text.Json": "8.0.5",
          "System.Threading.Tasks.Extensions": "4.5.4"
        }
      },
      "System.Numerics.Vectors": {
        "type": "Transitive",
        "resolved": "4.5.0",
        "contentHash": "QQTlPTl06J/iiDbJCiepZ4H//BVraReU4O4EoRw1U02H5TLUIT7xn3GnDp9AXPSlJUDyFs4uWjWafNX6WrAojQ=="
      },
      "System.Runtime.CompilerServices.Unsafe": {
        "type": "Transitive",
        "resolved": "6.0.0",
        "contentHash": "/iUeP3tq1S0XdNNoMz5C9twLSrM/TH+qElHkXWaPvuNOt+99G75NrV0OS2EqHx5wMN7popYjpc8oTjC1y16DLg=="
      },
      "System.Runtime.InteropServices.RuntimeInformation": {
        "type": "Transitive",
        "resolved": "4.3.0",
        "contentHash": "cbz4YJMqRDR7oLeMRbdYv7mYzc++17lNhScCX0goO2XpGWdvAt60CGN+FHdePUEHCe/Jy9jUlvNAiNdM+7jsOw=="
      },
      "System.Text.Encodings.Web": {
        "type": "Transitive",
        "resolved": "8.0.0",
        "contentHash": "yev/k9GHAEGx2Rg3/tU6MQh4HGBXJs70y7j1LaM1i/ER9po+6nnQ6RRqTJn1E7Xu0fbIFK80Nh5EoODxrbxwBQ==",
        "dependencies": {
          "System.Buffers": "4.5.1",
          "System.Memory": "4.5.5",
          "System.Runtime.CompilerServices.Unsafe": "6.0.0"
        }
      },
      "System.Text.Json": {
        "type": "Transitive",
        "resolved": "8.0.5",
        "contentHash": "0f1B50Ss7rqxXiaBJyzUu9bWFOO2/zSlifZ/UNMdiIpDYe4cY4LQQicP4nirK1OS31I43rn062UIJ1Q9bpmHpg==",
        "dependencies": {
          "Microsoft.Bcl.AsyncInterfaces": "8.0.0",
          "System.Buffers": "4.5.1",
          "System.Memory": "4.5.5",
          "System.Runtime.CompilerServices.Unsafe": "6.0.0",
          "System.Text.Encodings.Web": "8.0.0",
          "System.Threading.Tasks.Extensions": "4.5.4",
          "System.ValueTuple": "4.5.0"
        }
      },
      "System.Threading.Tasks.Extensions": {
        "type": "Transitive",
        "resolved": "4.5.4",
        "contentHash": "zteT+G8xuGu6mS+mzDzYXbzS7rd3K6Fjb9RiZlYlJPam2/hU7JCBZBVEcywNuR+oZ1ncTvc/cq0faRr3P01OVg==",
        "dependencies": {
          "System.Runtime.CompilerServices.Unsafe": "4.5.3"
        }
      },
      "System.ValueTuple": {
        "type": "Transitive",
        "resolved": "4.5.0",
        "contentHash": "okurQJO6NRE/apDIP23ajJ0hpiNmJ+f0BwOlB/cSqTLQlw5upkf+5+96+iG2Jw40G1fCVCyPz/FhIABUjMR+RQ=="
      },
      "Unfucked": {
        "type": "Transitive",
        "resolved": "0.0.0-beta8",
        "contentHash": "QOf9t3vStYNKmOVXa51SYyOwoYPHk89Q/RMDVxpyDPlu9TAcnYlabHjbMbqifLqhoVzisKyUMrFQumJbGBQ1hQ==",
        "dependencies": {
          "Microsoft.Bcl.AsyncInterfaces": "9.0.2",
          "System.Collections.Immutable": "9.0.2"
        }
      },
      "ZstdSharp.Port": {
        "type": "Transitive",
        "resolved": "0.8.4",
        "contentHash": "eieSXq3kakCUXbgdxkKaRqWS6hF0KBJcqok9LlDCs60GOyrynLvPOcQ0pRw7shdPF7lh/VepJ9cP9n9HHc759g==",
        "dependencies": {
          "Microsoft.Bcl.AsyncInterfaces": "5.0.0",
          "System.Memory": "4.5.5",
          "System.Runtime.CompilerServices.Unsafe": "6.0.0"
        }
      }
    },
    ".NETFramework,Version=v4.8/win": {
      "System.Runtime.InteropServices.RuntimeInformation": {
        "type": "Transitive",
        "resolved": "4.3.0",
        "contentHash": "cbz4YJMqRDR7oLeMRbdYv7mYzc++17lNhScCX0goO2XpGWdvAt60CGN+FHdePUEHCe/Jy9jUlvNAiNdM+7jsOw=="
      }
    },
    ".NETFramework,Version=v4.8/win-arm64": {
      "System.Runtime.InteropServices.RuntimeInformation": {
        "type": "Transitive",
        "resolved": "4.3.0",
        "contentHash": "cbz4YJMqRDR7oLeMRbdYv7mYzc++17lNhScCX0goO2XpGWdvAt60CGN+FHdePUEHCe/Jy9jUlvNAiNdM+7jsOw=="
      }
    },
    ".NETFramework,Version=v4.8/win-x64": {
      "System.Runtime.InteropServices.RuntimeInformation": {
        "type": "Transitive",
        "resolved": "4.3.0",
        "contentHash": "cbz4YJMqRDR7oLeMRbdYv7mYzc++17lNhScCX0goO2XpGWdvAt60CGN+FHdePUEHCe/Jy9jUlvNAiNdM+7jsOw=="
      }
    },
    ".NETFramework,Version=v4.8/win-x86": {
      "System.Runtime.InteropServices.RuntimeInformation": {
        "type": "Transitive",
        "resolved": "4.3.0",
        "contentHash": "cbz4YJMqRDR7oLeMRbdYv7mYzc++17lNhScCX0goO2XpGWdvAt60CGN+FHdePUEHCe/Jy9jUlvNAiNdM+7jsOw=="
      }
    }
  }
}